
Microsoft Visual Studio Solution File, Format Version 12.00
# Visual Studio 14
VisualStudioVersion = 14.0.23107.0
MinimumVisualStudioVersion = 10.0.40219.1
Project("{FAE04EC0-301F-11D3-BF4B-00C04F79EFBC}") = "BowlingKata", "BowlingKata\BowlingKata.csproj", "{56E8C6A0-95F9-45C0-940C-934CBE8EC17F}"
EndProject
Project("{FAE04EC0-301F-11D3-BF4B-00C04F79EFBC}") = "BowlingKataTests", "BowlingKataTests\BowlingKataTests.csproj", "{1636C5D5-05A2-42D1-B281-E2A9D97BD540}"
EndProject
Global
	GlobalSection(SolutionConfigurationPlatforms) = preSolution
		Debug|Any CPU = Debug|Any CPU
		Release|Any CPU = Release|Any CPU
	EndGlobalSection
	GlobalSection(ProjectConfigurationPlatforms) = postSolution
		{56E8C6A0-95F9-45C0-940C-934CBE8EC17F}.Debug|Any CPU.ActiveCfg = Debug|Any CPU
		{56E8C6A0-95F9-45C0-940C-934CBE8EC17F}.Debug|Any CPU.Build.0 = Debug|Any CPU
		{56E8C6A0-95F9-45C0-940C-934CBE8EC17F}.Release|Any CPU.ActiveCfg = Release|Any CPU
		{56E8C6A0-95F9-45C0-940C-934CBE8EC17F}.Release|Any CPU.Build.0 = Release|Any CPU
		{1636C5D5-05A2-42D1-B281-E2A9D97BD540}.Debug|Any CPU.ActiveCfg = Debug|Any CPU
		{1636C5D5-05A2-42D1-B281-E2A9D97BD540}.Debug|Any CPU.Build.0 = Debug|Any CPU
		{1636C5D5-05A2-42D1-B281-E2A9D97BD540}.Release|Any CPU.ActiveCfg = Release|Any CPU
		{1636C5D5-05A2-42D1-B281-E2A9D97BD540}.Release|Any CPU.Build.0 = Release|Any CPU
	EndGlobalSection
	GlobalSection(SolutionProperties) = preSolution
		HideSolutionNode = FALSE
	EndGlobalSection
EndGlobal
